
Microsoft Visual Studio Solution File, Format Version 12.00
# Visual Studio 15
VisualStudioVersion = 15.0.28307.902
MinimumVisualStudioVersion = 10.0.40219.1
Project("{8BC9CEB8-8B4A-11D0-8D11-00A0C91BC942}") = "loggerTester", "logger_tester\loggerTester.vcxproj", "{9EFCCDBE-52FB-42EA-A499-81CAF03FF77A}"
EndProject
Project("{8BC9CEB8-8B4A-11D0-8D11-00A0C91BC942}") = "loggerSrv", "loggerSrv\loggerSrv.vcxproj", "{5F2DDB8E-9ABB-44F4-8F8A-2E882C16FDA0}"
	ProjectSection(ProjectDependencies) = postProject
		{A4A32CA1-9860-4DA3-848A-AAAFCCD42405} = {A4A32CA1-9860-4DA3-848A-AAAFCCD42405}
	EndProjectSection
EndProject
Project("{8BC9CEB8-8B4A-11D0-8D11-00A0C91BC942}") = "loggerSrvPS", "loggerSrvPS\loggerSrvPS.vcxproj", "{D6C31AB9-2BD2-4B30-92BD-93701D7377AE}"
	ProjectSection(ProjectDependencies) = postProject
		{5F2DDB8E-9ABB-44F4-8F8A-2E882C16FDA0} = {5F2DDB8E-9ABB-44F4-8F8A-2E882C16FDA0}
	EndProjectSection
EndProject
Project("{8BC9CEB8-8B4A-11D0-8D11-00A0C91BC942}") = "logger", "logger\logger.vcxproj", "{A4A32CA1-9860-4DA3-848A-AAAFCCD42405}"
EndProject
Project("{FAE04EC0-301F-11D3-BF4B-00C04F79EFBC}") = "loggerTesterCSharp", "loggerTesterCSharp\loggerTesterCSharp.csproj", "{69D31BE7-130A-4C11-94F7-7D515E11C196}"
EndProject
Global
	GlobalSection(SolutionConfigurationPlatforms) = preSolution
		Debug|Any CPU = Debug|Any CPU
		Debug|x64 = Debug|x64
		Debug|x86 = Debug|x86
		Release|Any CPU = Release|Any CPU
		Release|x64 = Release|x64
		Release|x86 = Release|x86
	EndGlobalSection
	GlobalSection(ProjectConfigurationPlatforms) = postSolution
		{9EFCCDBE-52FB-42EA-A499-81CAF03FF77A}.Debug|Any CPU.ActiveCfg = Debug|Win32
		{9EFCCDBE-52FB-42EA-A499-81CAF03FF77A}.Debug|x64.ActiveCfg = Debug|x64
		{9EFCCDBE-52FB-42EA-A499-81CAF03FF77A}.Debug|x64.Build.0 = Debug|x64
		{9EFCCDBE-52FB-42EA-A499-81CAF03FF77A}.Debug|x86.ActiveCfg = Debug|Win32
		{9EFCCDBE-52FB-42EA-A499-81CAF03FF77A}.Debug|x86.Build.0 = Debug|Win32
		{9EFCCDBE-52FB-42EA-A499-81CAF03FF77A}.Release|Any CPU.ActiveCfg = Release|Win32
		{9EFCCDBE-52FB-42EA-A499-81CAF03FF77A}.Release|x64.ActiveCfg = Release|x64
		{9EFCCDBE-52FB-42EA-A499-81CAF03FF77A}.Release|x64.Build.0 = Release|x64
		{9EFCCDBE-52FB-42EA-A499-81CAF03FF77A}.Release|x86.ActiveCfg = Release|Win32
		{9EFCCDBE-52FB-42EA-A499-81CAF03FF77A}.Release|x86.Build.0 = Release|Win32
		{5F2DDB8E-9ABB-44F4-8F8A-2E882C16FDA0}.Debug|Any CPU.ActiveCfg = Debug|Win32
		{5F2DDB8E-9ABB-44F4-8F8A-2E882C16FDA0}.Debug|x64.ActiveCfg = Debug|x64
		{5F2DDB8E-9ABB-44F4-8F8A-2E882C16FDA0}.Debug|x64.Build.0 = Debug|x64
		{5F2DDB8E-9ABB-44F4-8F8A-2E882C16FDA0}.Debug|x86.ActiveCfg = Debug|Win32
		{5F2DDB8E-9ABB-44F4-8F8A-2E882C16FDA0}.Debug|x86.Build.0 = Debug|Win32
		{5F2DDB8E-9ABB-44F4-8F8A-2E882C16FDA0}.Release|Any CPU.ActiveCfg = Release|Win32
		{5F2DDB8E-9ABB-44F4-8F8A-2E882C16FDA0}.Release|x64.ActiveCfg = Release|x64
		{5F2DDB8E-9ABB-44F4-8F8A-2E882C16FDA0}.Release|x64.Build.0 = Release|x64
		{5F2DDB8E-9ABB-44F4-8F8A-2E882C16FDA0}.Release|x86.ActiveCfg = Release|Win32
		{5F2DDB8E-9ABB-44F4-8F8A-2E882C16FDA0}.Release|x86.Build.0 = Release|Win32
		{D6C31AB9-2BD2-4B30-92BD-93701D7377AE}.Debug|Any CPU.ActiveCfg = Debug|Win32
		{D6C31AB9-2BD2-4B30-92BD-93701D7377AE}.Debug|x64.ActiveCfg = Debug|x64
		{D6C31AB9-2BD2-4B30-92BD-93701D7377AE}.Debug|x86.ActiveCfg = Debug|Win32
		{D6C31AB9-2BD2-4B30-92BD-93701D7377AE}.Release|Any CPU.ActiveCfg = Release|Win32
		{D6C31AB9-2BD2-4B30-92BD-93701D7377AE}.Release|x64.ActiveCfg = Release|x64
		{D6C31AB9-2BD2-4B30-92BD-93701D7377AE}.Release|x86.ActiveCfg = Release|Win32
		{A4A32CA1-9860-4DA3-848A-AAAFCCD42405}.Debug|Any CPU.ActiveCfg = Debug|Win32
		{A4A32CA1-9860-4DA3-848A-AAAFCCD42405}.Debug|x64.ActiveCfg = Debug|x64
		{A4A32CA1-9860-4DA3-848A-AAAFCCD42405}.Debug|x64.Build.0 = Debug|x64
		{A4A32CA1-9860-4DA3-848A-AAAFCCD42405}.Debug|x86.ActiveCfg = Debug|Win32
		{A4A32CA1-9860-4DA3-848A-AAAFCCD42405}.Debug|x86.Build.0 = Debug|Win32
		{A4A32CA1-9860-4DA3-848A-AAAFCCD42405}.Release|Any CPU.ActiveCfg = Release|Win32
		{A4A32CA1-9860-4DA3-848A-AAAFCCD42405}.Release|x64.ActiveCfg = Release|x64
		{A4A32CA1-9860-4DA3-848A-AAAFCCD42405}.Release|x64.Build.0 = Release|x64
		{A4A32CA1-9860-4DA3-848A-AAAFCCD42405}.Release|x86.ActiveCfg = Release|Win32
		{A4A32CA1-9860-4DA3-848A-AAAFCCD42405}.Release|x86.Build.0 = Release|Win32
		{69D31BE7-130A-4C11-94F7-7D515E11C196}.Debug|Any CPU.ActiveCfg = Debug|Any CPU
		{69D31BE7-130A-4C11-94F7-7D515E11C196}.Debug|Any CPU.Build.0 = Debug|Any CPU
		{69D31BE7-130A-4C11-94F7-7D515E11C196}.Debug|x64.ActiveCfg = Debug|Any CPU
		{69D31BE7-130A-4C11-94F7-7D515E11C196}.Debug|x64.Build.0 = Debug|Any CPU
		{69D31BE7-130A-4C11-94F7-7D515E11C196}.Debug|x86.ActiveCfg = Debug|Any CPU
		{69D31BE7-130A-4C11-94F7-7D515E11C196}.Debug|x86.Build.0 = Debug|Any CPU
		{69D31BE7-130A-4C11-94F7-7D515E11C196}.Release|Any CPU.ActiveCfg = Release|Any CPU
		{69D31BE7-130A-4C11-94F7-7D515E11C196}.Release|Any CPU.Build.0 = Release|Any CPU
		{69D31BE7-130A-4C11-94F7-7D515E11C196}.Release|x64.ActiveCfg = Release|Any CPU
		{69D31BE7-130A-4C11-94F7-7D515E11C196}.Release|x64.Build.0 = Release|Any CPU
		{69D31BE7-130A-4C11-94F7-7D515E11C196}.Release|x86.ActiveCfg = Release|Any CPU
		{69D31BE7-130A-4C11-94F7-7D515E11C196}.Release|x86.Build.0 = Release|Any CPU
	EndGlobalSection
	GlobalSection(SolutionProperties) = preSolution
		HideSolutionNode = FALSE
	EndGlobalSection
	GlobalSection(ExtensibilityGlobals) = postSolution
		SolutionGuid = {7FA317EA-16C3-4759-B637-95392E5EACD4}
	EndGlobalSection
EndGlobal
